
Microsoft Visual Studio Solution File, Format Version 12.00
# Visual Studio Version 17
VisualStudioVersion = 17.8.34316.72
MinimumVisualStudioVersion = 10.0.40219.1
Project("{2150E333-8FDC-42A3-9474-1A3956D46DE8}") = "src", "src", "{4ED3072C-C350-4BF2-8705-E8F65082EDC8}"
EndProject
Project("{2150E333-8FDC-42A3-9474-1A3956D46DE8}") = "0 - Presentation", "0 - Presentation", "{04E5E0FE-27D0-46F7-8052-337F0DE33305}"
EndProject
Project("{2150E333-8FDC-42A3-9474-1A3956D46DE8}") = "1 - Application", "1 - Application", "{2627CAE4-2C45-4E0A-8370-45911DB82381}"
EndProject
Project("{2150E333-8FDC-42A3-9474-1A3956D46DE8}") = "2 - Domain", "2 - Domain", "{2EAAFD6F-B80D-40CE-8608-6AD83196B081}"
EndProject
Project("{2150E333-8FDC-42A3-9474-1A3956D46DE8}") = "3 - Data", "3 - Data", "{5ECDF696-E489-4FAF-9387-452A29127CD3}"
EndProject
Project("{2150E333-8FDC-42A3-9474-1A3956D46DE8}") = "Infrastructure", "Infrastructure", "{21C74CD2-07C3-4F93-BFE3-D09620EF1D68}"
EndProject
Project("{9A19103F-16F7-4668-BE54-9A1E7A4F7556}") = "Infrastructure.CrossCutting", "Infrastructure.CrossCutting\Infrastructure.CrossCutting.csproj", "{CC41B504-ACD1-4FFB-9058-BEAFFAF50ECB}"
EndProject
Project("{9A19103F-16F7-4668-BE54-9A1E7A4F7556}") = "Domain.Services", "Domain.Services\Domain.Services.csproj", "{43337D75-A83C-41D7-9DD5-E2CF22363297}"
EndProject
Project("{9A19103F-16F7-4668-BE54-9A1E7A4F7556}") = "Domain.Core", "Domain.Core\Domain.Core.csproj", "{81E73670-A86B-4C7F-BB11-B35281FA0778}"
EndProject
Project("{9A19103F-16F7-4668-BE54-9A1E7A4F7556}") = "Application.Core", "Application.Core\Application.Core.csproj", "{A16A012B-FCE7-476E-85B9-812BA685A6C9}"
EndProject
Project("{9A19103F-16F7-4668-BE54-9A1E7A4F7556}") = "Infrastructure.Configuration", "Infrastructure.Configuration\Infrastructure.Configuration.csproj", "{9A5330A4-BE20-49FE-A5CB-9F4EBCCAC62F}"
EndProject
Project("{9A19103F-16F7-4668-BE54-9A1E7A4F7556}") = "Infrastructure.Core", "Infrastructure.Core\Infrastructure.Core.csproj", "{36F8C2D9-8093-4C8C-A836-F1DB92BD0F4D}"
EndProject
Project("{9A19103F-16F7-4668-BE54-9A1E7A4F7556}") = "Data.Gateway.ABSWebsiteGateway", "Data.Gateway.ABSWebsiteGateway\Data.Gateway.ABSWebsiteGateway.csproj", "{123AC6E9-20C6-4EFE-B5F5-2E7417E6FA41}"
EndProject
Project("{9A19103F-16F7-4668-BE54-9A1E7A4F7556}") = "PresentationCLI", "PresentationCLI\PresentationCLI.csproj", "{DE7684F8-D139-4DAE-8479-CA8F9C52B94E}"
EndProject
Project("{9A19103F-16F7-4668-BE54-9A1E7A4F7556}") = "Data.Gateway.GenericApiGateway", "Data.Gateway.GenericApiGateway\Data.Gateway.GenericApiGateway.csproj", "{0B214499-E7D1-4373-A38E-5BF7C361B15B}"
EndProject
Project("{9A19103F-16F7-4668-BE54-9A1E7A4F7556}") = "Data.Gateway.GenericWebsiteGateway", "Data.Gateway.GenericWebsiteGateway\Data.Gateway.GenericWebsiteGateway.csproj", "{4AA6D3D8-590A-4AC5-A91C-BF8581882D47}"
EndProject
Project("{9A19103F-16F7-4668-BE54-9A1E7A4F7556}") = "Domain.DTO", "Domain.DTO\Domain.DTO.csproj", "{25149AFF-8E10-452E-A303-A422C2DC071F}"
EndProject
Project("{9A19103F-16F7-4668-BE54-9A1E7A4F7556}") = "Infrastructure.Extensions", "Infrastructure.Extensions\Infrastructure.Extensions.csproj", "{2F080135-EC1E-4223-9092-B9126BDA5546}"
EndProject
Global
	GlobalSection(SolutionConfigurationPlatforms) = preSolution
		Debug|Any CPU = Debug|Any CPU
		Release|Any CPU = Release|Any CPU
	EndGlobalSection
	GlobalSection(ProjectConfigurationPlatforms) = postSolution
		{CC41B504-ACD1-4FFB-9058-BEAFFAF50ECB}.Debug|Any CPU.ActiveCfg = Debug|Any CPU
		{CC41B504-ACD1-4FFB-9058-BEAFFAF50ECB}.Debug|Any CPU.Build.0 = Debug|Any CPU
		{CC41B504-ACD1-4FFB-9058-BEAFFAF50ECB}.Release|Any CPU.ActiveCfg = Release|Any CPU
		{CC41B504-ACD1-4FFB-9058-BEAFFAF50ECB}.Release|Any CPU.Build.0 = Release|Any CPU
		{43337D75-A83C-41D7-9DD5-E2CF22363297}.Debug|Any CPU.ActiveCfg = Debug|Any CPU
		{43337D75-A83C-41D7-9DD5-E2CF22363297}.Debug|Any CPU.Build.0 = Debug|Any CPU
		{43337D75-A83C-41D7-9DD5-E2CF22363297}.Release|Any CPU.ActiveCfg = Release|Any CPU
		{43337D75-A83C-41D7-9DD5-E2CF22363297}.Release|Any CPU.Build.0 = Release|Any CPU
		{81E73670-A86B-4C7F-BB11-B35281FA0778}.Debug|Any CPU.ActiveCfg = Debug|Any CPU
		{81E73670-A86B-4C7F-BB11-B35281FA0778}.Debug|Any CPU.Build.0 = Debug|Any CPU
		{81E73670-A86B-4C7F-BB11-B35281FA0778}.Release|Any CPU.ActiveCfg = Release|Any CPU
		{81E73670-A86B-4C7F-BB11-B35281FA0778}.Release|Any CPU.Build.0 = Release|Any CPU
		{A16A012B-FCE7-476E-85B9-812BA685A6C9}.Debug|Any CPU.ActiveCfg = Debug|Any CPU
		{A16A012B-FCE7-476E-85B9-812BA685A6C9}.Debug|Any CPU.Build.0 = Debug|Any CPU
		{A16A012B-FCE7-476E-85B9-812BA685A6C9}.Release|Any CPU.ActiveCfg = Release|Any CPU
		{A16A012B-FCE7-476E-85B9-812BA685A6C9}.Release|Any CPU.Build.0 = Release|Any CPU
		{9A5330A4-BE20-49FE-A5CB-9F4EBCCAC62F}.Debug|Any CPU.ActiveCfg = Debug|Any CPU
		{9A5330A4-BE20-49FE-A5CB-9F4EBCCAC62F}.Debug|Any CPU.Build.0 = Debug|Any CPU
		{9A5330A4-BE20-49FE-A5CB-9F4EBCCAC62F}.Release|Any CPU.ActiveCfg = Release|Any CPU
		{9A5330A4-BE20-49FE-A5CB-9F4EBCCAC62F}.Release|Any CPU.Build.0 = Release|Any CPU
		{36F8C2D9-8093-4C8C-A836-F1DB92BD0F4D}.Debug|Any CPU.ActiveCfg = Debug|Any CPU
		{36F8C2D9-8093-4C8C-A836-F1DB92BD0F4D}.Debug|Any CPU.Build.0 = Debug|Any CPU
		{36F8C2D9-8093-4C8C-A836-F1DB92BD0F4D}.Release|Any CPU.ActiveCfg = Release|Any CPU
		{36F8C2D9-8093-4C8C-A836-F1DB92BD0F4D}.Release|Any CPU.Build.0 = Release|Any CPU
		{123AC6E9-20C6-4EFE-B5F5-2E7417E6FA41}.Debug|Any CPU.ActiveCfg = Debug|Any CPU
		{123AC6E9-20C6-4EFE-B5F5-2E7417E6FA41}.Debug|Any CPU.Build.0 = Debug|Any CPU
		{123AC6E9-20C6-4EFE-B5F5-2E7417E6FA41}.Release|Any CPU.ActiveCfg = Release|Any CPU
		{123AC6E9-20C6-4EFE-B5F5-2E7417E6FA41}.Release|Any CPU.Build.0 = Release|Any CPU
		{DE7684F8-D139-4DAE-8479-CA8F9C52B94E}.Debug|Any CPU.ActiveCfg = Debug|Any CPU
		{DE7684F8-D139-4DAE-8479-CA8F9C52B94E}.Debug|Any CPU.Build.0 = Debug|Any CPU
		{DE7684F8-D139-4DAE-8479-CA8F9C52B94E}.Release|Any CPU.ActiveCfg = Release|Any CPU
		{DE7684F8-D139-4DAE-8479-CA8F9C52B94E}.Release|Any CPU.Build.0 = Release|Any CPU
		{0B214499-E7D1-4373-A38E-5BF7C361B15B}.Debug|Any CPU.ActiveCfg = Debug|Any CPU
		{0B214499-E7D1-4373-A38E-5BF7C361B15B}.Debug|Any CPU.Build.0 = Debug|Any CPU
		{0B214499-E7D1-4373-A38E-5BF7C361B15B}.Release|Any CPU.ActiveCfg = Release|Any CPU
		{0B214499-E7D1-4373-A38E-5BF7C361B15B}.Release|Any CPU.Build.0 = Release|Any CPU
		{4AA6D3D8-590A-4AC5-A91C-BF8581882D47}.Debug|Any CPU.ActiveCfg = Debug|Any CPU
		{4AA6D3D8-590A-4AC5-A91C-BF8581882D47}.Debug|Any CPU.Build.0 = Debug|Any CPU
		{4AA6D3D8-590A-4AC5-A91C-BF8581882D47}.Release|Any CPU.ActiveCfg = Release|Any CPU
		{4AA6D3D8-590A-4AC5-A91C-BF8581882D47}.Release|Any CPU.Build.0 = Release|Any CPU
		{25149AFF-8E10-452E-A303-A422C2DC071F}.Debug|Any CPU.ActiveCfg = Debug|Any CPU
		{25149AFF-8E10-452E-A303-A422C2DC071F}.Debug|Any CPU.Build.0 = Debug|Any CPU
		{25149AFF-8E10-452E-A303-A422C2DC071F}.Release|Any CPU.ActiveCfg = Release|Any CPU
		{25149AFF-8E10-452E-A303-A422C2DC071F}.Release|Any CPU.Build.0 = Release|Any CPU
		{2F080135-EC1E-4223-9092-B9126BDA5546}.Debug|Any CPU.ActiveCfg = Debug|Any CPU
		{2F080135-EC1E-4223-9092-B9126BDA5546}.Debug|Any CPU.Build.0 = Debug|Any CPU
		{2F080135-EC1E-4223-9092-B9126BDA5546}.Release|Any CPU.ActiveCfg = Release|Any CPU
		{2F080135-EC1E-4223-9092-B9126BDA5546}.Release|Any CPU.Build.0 = Release|Any CPU
	EndGlobalSection
	GlobalSection(SolutionProperties) = preSolution
		HideSolutionNode = FALSE
	EndGlobalSection
	GlobalSection(NestedProjects) = preSolution
		{04E5E0FE-27D0-46F7-8052-337F0DE33305} = {4ED3072C-C350-4BF2-8705-E8F65082EDC8}
		{2627CAE4-2C45-4E0A-8370-45911DB82381} = {4ED3072C-C350-4BF2-8705-E8F65082EDC8}
		{2EAAFD6F-B80D-40CE-8608-6AD83196B081} = {4ED3072C-C350-4BF2-8705-E8F65082EDC8}
		{5ECDF696-E489-4FAF-9387-452A29127CD3} = {4ED3072C-C350-4BF2-8705-E8F65082EDC8}
		{21C74CD2-07C3-4F93-BFE3-D09620EF1D68} = {4ED3072C-C350-4BF2-8705-E8F65082EDC8}
		{CC41B504-ACD1-4FFB-9058-BEAFFAF50ECB} = {21C74CD2-07C3-4F93-BFE3-D09620EF1D68}
		{43337D75-A83C-41D7-9DD5-E2CF22363297} = {2EAAFD6F-B80D-40CE-8608-6AD83196B081}
		{81E73670-A86B-4C7F-BB11-B35281FA0778} = {2EAAFD6F-B80D-40CE-8608-6AD83196B081}
		{A16A012B-FCE7-476E-85B9-812BA685A6C9} = {2627CAE4-2C45-4E0A-8370-45911DB82381}
		{9A5330A4-BE20-49FE-A5CB-9F4EBCCAC62F} = {21C74CD2-07C3-4F93-BFE3-D09620EF1D68}
		{36F8C2D9-8093-4C8C-A836-F1DB92BD0F4D} = {21C74CD2-07C3-4F93-BFE3-D09620EF1D68}
		{123AC6E9-20C6-4EFE-B5F5-2E7417E6FA41} = {5ECDF696-E489-4FAF-9387-452A29127CD3}
		{DE7684F8-D139-4DAE-8479-CA8F9C52B94E} = {04E5E0FE-27D0-46F7-8052-337F0DE33305}
		{0B214499-E7D1-4373-A38E-5BF7C361B15B} = {5ECDF696-E489-4FAF-9387-452A29127CD3}
		{4AA6D3D8-590A-4AC5-A91C-BF8581882D47} = {5ECDF696-E489-4FAF-9387-452A29127CD3}
		{25149AFF-8E10-452E-A303-A422C2DC071F} = {2EAAFD6F-B80D-40CE-8608-6AD83196B081}
		{2F080135-EC1E-4223-9092-B9126BDA5546} = {21C74CD2-07C3-4F93-BFE3-D09620EF1D68}
	EndGlobalSection
	GlobalSection(ExtensibilityGlobals) = postSolution
		SolutionGuid = {6D2F7C42-A364-412F-B7AB-86E8E13B0E19}
	EndGlobalSection
EndGlobal
